github.com/caarlos0/env/v11 v11.4.1 h1:fYwH0sWEsBSMPG7t4e/PEfTFzrWrpjyygXyUnWiSwEw=
github.com/caarlos0/env/v11 v11.4.1/go.mod h1:qupehSf/Y0TUTsxKywqRt/vJjN5nz6vauiYEUUr8P4U=
github.com/go-telegram/bot v1.21.0 h1:Va/PbGc2vBDdv57GCUEEVV6ROlHWiC6SklJY9Hvhzps=
github.com/go-telegram/bot v1.21.0/go.mod h1:i2TRs7fXWIeaceF3z7KzsMt/he0TwkVC680mvdTFYeM=
github.com/joho/godotenv v1.5.1 h1:7eLL/+HRGLY0ldzfGMeQkb7vMd0as4CfYvUVzLqw0N0=
github.com/joho/godotenv v1.5.1/go.mod h1:f4LDr5Voq0i2e/R5DDNOoa2zzDfwtkZa6DnEwAbqwq4=
github.com/tetratelabs/wazero v1.11.1-0.20260428013916-2bbd517b7633 h1:6GN/lazdqr69FIzz1U6c4TF/ppE2dInMR4GzU9QKxjg=
github.com/tetratelabs/wazero v1.11.1-0.20260428013916-2bbd517b7633/go.mod h1:3ghOSSWYnzX0zd/3Ns4ni2tKxcXDE9/QgkwuH1PW3Rs=
go.senan.xyz/taglib v0.11.1 h1:S3mO5e3HRRG0Ehw1jLUodYbAJK8TtqdOoNgqkC0D3uU=
go.senan.xyz/taglib v0.11.1/go.mod h1:qyTl978MnGeZ/ny4d/t0ErLXxysA+39X4+SNSCk56Zs=
golang.org/x/sys v0.43.0 h1:Rlag2XtaFTxp19wS8MXlJwTvoh8ArU6ezoyFsMyCTNI=
golang.org/x/sys v0.43.0/go.mod h1:4GL1E5IUh+htKOUEOaiffhrAeqysfVGipDYzABqnCmw=
gopkg.in/check.v1 v0.0.0-20161208181325-20d25e280405 h1:yhCVgyC4o1eVCa2tZl7eS0r+SDo693bJlVdllGtEeKM=
gopkg.in/check.v1 v0.0.0-20161208181325-20d25e280405/go.mod h1:Co6ibVJAznAaIkqp8huTwlJQCZ016jof/cbN4VW5Yz0=
gopkg.in/yaml.v3 v3.0.1 h1:fxVm/GzAzEWqLHuvctI91KS9hhNmmWOoWu0XTYJS7CA=
gopkg.in/yaml.v3 v3.0.1/go.mod h1:K4uyk7z7BCEPqu6E+C64Yfv1cQ7kz7rIZviUmN+EgEM=
